
Microsoft Visual Studio Solution File, Format Version 12.00
# Visual Studio Version 17
VisualStudioVersion = 17.5.33424.131
MinimumVisualStudioVersion = 10.0.40219.1
Project("{FAE04EC0-301F-11D3-BF4B-00C04F79EFBC}") = "Operations Between Numbers", "Operations Between Numbers\Operations Between Numbers.csproj", "{7FF10F29-11CB-4841-8C8F-048048B0DA74}"
EndProject
Global
	GlobalSection(SolutionConfigurationPlatforms) = preSolution
		Debug|Any CPU = Debug|Any CPU
		Release|Any CPU = Release|Any CPU
	EndGlobalSection
	GlobalSection(ProjectConfigurationPlatforms) = postSolution
		{7FF10F29-11CB-4841-8C8F-048048B0DA74}.Debug|Any CPU.ActiveCfg = Debug|Any CPU
		{7FF10F29-11CB-4841-8C8F-048048B0DA74}.Debug|Any CPU.Build.0 = Debug|Any CPU
		{7FF10F29-11CB-4841-8C8F-048048B0DA74}.Release|Any CPU.ActiveCfg = Release|Any CPU
		{7FF10F29-11CB-4841-8C8F-048048B0DA74}.Release|Any CPU.Build.0 = Release|Any CPU
	EndGlobalSection
	GlobalSection(SolutionProperties) = preSolution
		HideSolutionNode = FALSE
	EndGlobalSection
	GlobalSection(ExtensibilityGlobals) = postSolution
		SolutionGuid = {36641D4E-47A0-42D4-A334-97BA3717A299}
	EndGlobalSection
EndGlobal
