
Microsoft Visual Studio Solution File, Format Version 12.00
# Visual Studio Version 17
VisualStudioVersion = 17.5.33424.131
MinimumVisualStudioVersion = 10.0.40219.1
Project("{FAE04EC0-301F-11D3-BF4B-00C04F79EFBC}") = "Deposit Calculator", "Deposit Calculator\Deposit Calculator.csproj", "{1F915BD0-0161-4C27-91FB-ED2390CE4B16}"
EndProject
Global
	GlobalSection(SolutionConfigurationPlatforms) = preSolution
		Debug|Any CPU = Debug|Any CPU
		Release|Any CPU = Release|Any CPU
	EndGlobalSection
	GlobalSection(ProjectConfigurationPlatforms) = postSolution
		{1F915BD0-0161-4C27-91FB-ED2390CE4B16}.Debug|Any CPU.ActiveCfg = Debug|Any CPU
		{1F915BD0-0161-4C27-91FB-ED2390CE4B16}.Debug|Any CPU.Build.0 = Debug|Any CPU
		{1F915BD0-0161-4C27-91FB-ED2390CE4B16}.Release|Any CPU.ActiveCfg = Release|Any CPU
		{1F915BD0-0161-4C27-91FB-ED2390CE4B16}.Release|Any CPU.Build.0 = Release|Any CPU
	EndGlobalSection
	GlobalSection(SolutionProperties) = preSolution
		HideSolutionNode = FALSE
	EndGlobalSection
	GlobalSection(ExtensibilityGlobals) = postSolution
		SolutionGuid = {E0236EEE-EC7C-4A22-B733-C09734AC9BBD}
	EndGlobalSection
EndGlobal
