
Microsoft Visual Studio Solution File, Format Version 12.00
# Visual Studio Version 17
VisualStudioVersion = 17.5.33424.131
MinimumVisualStudioVersion = 10.0.40219.1
Project("{FAE04EC0-301F-11D3-BF4B-00C04F79EFBC}") = "Animal Type", "Animal Type\Animal Type.csproj", "{14A8F3E9-2C61-4E7E-883B-F13C28BD677B}"
EndProject
Global
	GlobalSection(SolutionConfigurationPlatforms) = preSolution
		Debug|Any CPU = Debug|Any CPU
		Release|Any CPU = Release|Any CPU
	EndGlobalSection
	GlobalSection(ProjectConfigurationPlatforms) = postSolution
		{14A8F3E9-2C61-4E7E-883B-F13C28BD677B}.Debug|Any CPU.ActiveCfg = Debug|Any CPU
		{14A8F3E9-2C61-4E7E-883B-F13C28BD677B}.Debug|Any CPU.Build.0 = Debug|Any CPU
		{14A8F3E9-2C61-4E7E-883B-F13C28BD677B}.Release|Any CPU.ActiveCfg = Release|Any CPU
		{14A8F3E9-2C61-4E7E-883B-F13C28BD677B}.Release|Any CPU.Build.0 = Release|Any CPU
	EndGlobalSection
	GlobalSection(SolutionProperties) = preSolution
		HideSolutionNode = FALSE
	EndGlobalSection
	GlobalSection(ExtensibilityGlobals) = postSolution
		SolutionGuid = {6ED4C19C-8CA7-4263-8026-6C7CEA6BE404}
	EndGlobalSection
EndGlobal
