
Microsoft Visual Studio Solution File, Format Version 12.00
# Visual Studio Version 17
VisualStudioVersion = 17.5.33424.131
MinimumVisualStudioVersion = 10.0.40219.1
Project("{FAE04EC0-301F-11D3-BF4B-00C04F79EFBC}") = "Sum Seconds", "Sum Seconds\Sum Seconds.csproj", "{2B812BC6-3ACD-4BF6-B84B-FEF85C08FABF}"
EndProject
Global
	GlobalSection(SolutionConfigurationPlatforms) = preSolution
		Debug|Any CPU = Debug|Any CPU
		Release|Any CPU = Release|Any CPU
	EndGlobalSection
	GlobalSection(ProjectConfigurationPlatforms) = postSolution
		{2B812BC6-3ACD-4BF6-B84B-FEF85C08FABF}.Debug|Any CPU.ActiveCfg = Debug|Any CPU
		{2B812BC6-3ACD-4BF6-B84B-FEF85C08FABF}.Debug|Any CPU.Build.0 = Debug|Any CPU
		{2B812BC6-3ACD-4BF6-B84B-FEF85C08FABF}.Release|Any CPU.ActiveCfg = Release|Any CPU
		{2B812BC6-3ACD-4BF6-B84B-FEF85C08FABF}.Release|Any CPU.Build.0 = Release|Any CPU
	EndGlobalSection
	GlobalSection(SolutionProperties) = preSolution
		HideSolutionNode = FALSE
	EndGlobalSection
	GlobalSection(ExtensibilityGlobals) = postSolution
		SolutionGuid = {47363EC5-AD2B-4B22-B23D-35C981261450}
	EndGlobalSection
EndGlobal
