
Microsoft Visual Studio Solution File, Format Version 12.00
# Visual Studio Version 17
VisualStudioVersion = 17.5.33424.131
MinimumVisualStudioVersion = 10.0.40219.1
Project("{FAE04EC0-301F-11D3-BF4B-00C04F79EFBC}") = "Hotel Room", "Hotel Room\Hotel Room.csproj", "{8660FF09-F398-4FB4-AFB9-CD0ED43293D7}"
EndProject
Global
	GlobalSection(SolutionConfigurationPlatforms) = preSolution
		Debug|Any CPU = Debug|Any CPU
		Release|Any CPU = Release|Any CPU
	EndGlobalSection
	GlobalSection(ProjectConfigurationPlatforms) = postSolution
		{8660FF09-F398-4FB4-AFB9-CD0ED43293D7}.Debug|Any CPU.ActiveCfg = Debug|Any CPU
		{8660FF09-F398-4FB4-AFB9-CD0ED43293D7}.Debug|Any CPU.Build.0 = Debug|Any CPU
		{8660FF09-F398-4FB4-AFB9-CD0ED43293D7}.Release|Any CPU.ActiveCfg = Release|Any CPU
		{8660FF09-F398-4FB4-AFB9-CD0ED43293D7}.Release|Any CPU.Build.0 = Release|Any CPU
	EndGlobalSection
	GlobalSection(SolutionProperties) = preSolution
		HideSolutionNode = FALSE
	EndGlobalSection
	GlobalSection(ExtensibilityGlobals) = postSolution
		SolutionGuid = {FECEB7A2-D6E6-465E-98ED-C36DAA12406D}
	EndGlobalSection
EndGlobal
