
Microsoft Visual Studio Solution File, Format Version 12.00
# Visual Studio Version 17
VisualStudioVersion = 17.5.33424.131
MinimumVisualStudioVersion = 10.0.40219.1
Project("{FAE04EC0-301F-11D3-BF4B-00C04F79EFBC}") = "Fishing Boat", "Fishing Boat\Fishing Boat.csproj", "{4F8886B7-AE58-448A-A9FD-18F14BAA30D5}"
EndProject
Global
	GlobalSection(SolutionConfigurationPlatforms) = preSolution
		Debug|Any CPU = Debug|Any CPU
		Release|Any CPU = Release|Any CPU
	EndGlobalSection
	GlobalSection(ProjectConfigurationPlatforms) = postSolution
		{4F8886B7-AE58-448A-A9FD-18F14BAA30D5}.Debug|Any CPU.ActiveCfg = Debug|Any CPU
		{4F8886B7-AE58-448A-A9FD-18F14BAA30D5}.Debug|Any CPU.Build.0 = Debug|Any CPU
		{4F8886B7-AE58-448A-A9FD-18F14BAA30D5}.Release|Any CPU.ActiveCfg = Release|Any CPU
		{4F8886B7-AE58-448A-A9FD-18F14BAA30D5}.Release|Any CPU.Build.0 = Release|Any CPU
	EndGlobalSection
	GlobalSection(SolutionProperties) = preSolution
		HideSolutionNode = FALSE
	EndGlobalSection
	GlobalSection(ExtensibilityGlobals) = postSolution
		SolutionGuid = {F572F027-2E74-47DC-93E9-65351E31189F}
	EndGlobalSection
EndGlobal
