
Microsoft Visual Studio Solution File, Format Version 12.00
# Visual Studio Version 17
VisualStudioVersion = 17.5.33424.131
MinimumVisualStudioVersion = 10.0.40219.1
Project("{FAE04EC0-301F-11D3-BF4B-00C04F79EFBC}") = "World Swimming Record", "World Swimming Record\World Swimming Record.csproj", "{9E28EE61-14CC-4867-8A91-48B1D6B6305B}"
EndProject
Global
	GlobalSection(SolutionConfigurationPlatforms) = preSolution
		Debug|Any CPU = Debug|Any CPU
		Release|Any CPU = Release|Any CPU
	EndGlobalSection
	GlobalSection(ProjectConfigurationPlatforms) = postSolution
		{9E28EE61-14CC-4867-8A91-48B1D6B6305B}.Debug|Any CPU.ActiveCfg = Debug|Any CPU
		{9E28EE61-14CC-4867-8A91-48B1D6B6305B}.Debug|Any CPU.Build.0 = Debug|Any CPU
		{9E28EE61-14CC-4867-8A91-48B1D6B6305B}.Release|Any CPU.ActiveCfg = Release|Any CPU
		{9E28EE61-14CC-4867-8A91-48B1D6B6305B}.Release|Any CPU.Build.0 = Release|Any CPU
	EndGlobalSection
	GlobalSection(SolutionProperties) = preSolution
		HideSolutionNode = FALSE
	EndGlobalSection
	GlobalSection(ExtensibilityGlobals) = postSolution
		SolutionGuid = {547FB6F7-ACE0-4C7C-A627-2E4B3925B38D}
	EndGlobalSection
EndGlobal
