
Microsoft Visual Studio Solution File, Format Version 12.00
# Visual Studio Version 17
VisualStudioVersion = 17.5.33424.131
MinimumVisualStudioVersion = 10.0.40219.1
Project("{FAE04EC0-301F-11D3-BF4B-00C04F79EFBC}") = "Fruit Market", "Fruit Market\Fruit Market.csproj", "{250D5E38-44FD-487E-9DE9-752F7A569077}"
EndProject
Global
	GlobalSection(SolutionConfigurationPlatforms) = preSolution
		Debug|Any CPU = Debug|Any CPU
		Release|Any CPU = Release|Any CPU
	EndGlobalSection
	GlobalSection(ProjectConfigurationPlatforms) = postSolution
		{250D5E38-44FD-487E-9DE9-752F7A569077}.Debug|Any CPU.ActiveCfg = Debug|Any CPU
		{250D5E38-44FD-487E-9DE9-752F7A569077}.Debug|Any CPU.Build.0 = Debug|Any CPU
		{250D5E38-44FD-487E-9DE9-752F7A569077}.Release|Any CPU.ActiveCfg = Release|Any CPU
		{250D5E38-44FD-487E-9DE9-752F7A569077}.Release|Any CPU.Build.0 = Release|Any CPU
	EndGlobalSection
	GlobalSection(SolutionProperties) = preSolution
		HideSolutionNode = FALSE
	EndGlobalSection
	GlobalSection(ExtensibilityGlobals) = postSolution
		SolutionGuid = {4AC08F9F-4FFD-4C7F-9364-A450F38C06CB}
	EndGlobalSection
EndGlobal
