
Microsoft Visual Studio Solution File, Format Version 12.00
# Visual Studio Version 17
VisualStudioVersion = 17.5.33424.131
MinimumVisualStudioVersion = 10.0.40219.1
Project("{FAE04EC0-301F-11D3-BF4B-00C04F79EFBC}") = "Invalid Number", "Invalid Number\Invalid Number.csproj", "{7B32B36A-889F-4C42-8D66-FAF6E9C5E6C5}"
EndProject
Global
	GlobalSection(SolutionConfigurationPlatforms) = preSolution
		Debug|Any CPU = Debug|Any CPU
		Release|Any CPU = Release|Any CPU
	EndGlobalSection
	GlobalSection(ProjectConfigurationPlatforms) = postSolution
		{7B32B36A-889F-4C42-8D66-FAF6E9C5E6C5}.Debug|Any CPU.ActiveCfg = Debug|Any CPU
		{7B32B36A-889F-4C42-8D66-FAF6E9C5E6C5}.Debug|Any CPU.Build.0 = Debug|Any CPU
		{7B32B36A-889F-4C42-8D66-FAF6E9C5E6C5}.Release|Any CPU.ActiveCfg = Release|Any CPU
		{7B32B36A-889F-4C42-8D66-FAF6E9C5E6C5}.Release|Any CPU.Build.0 = Release|Any CPU
	EndGlobalSection
	GlobalSection(SolutionProperties) = preSolution
		HideSolutionNode = FALSE
	EndGlobalSection
	GlobalSection(ExtensibilityGlobals) = postSolution
		SolutionGuid = {314D7786-36DC-4BB3-80B0-62FC16C7DC7F}
	EndGlobalSection
EndGlobal
